PODS:
  - HandyJSON (5.0.2)
  - Highlightr (2.1.0)
  - Masonry (1.1.0)
  - RxBlocking (6.9.0):
    - RxSwift (= 6.9.0)
  - RxCocoa (6.9.0):
    - RxRelay (= 6.9.0)
    - RxSwift (= 6.9.0)
  - RxRelay (6.9.0):
    - RxSwift (= 6.9.0)
  - RxSwift (6.9.0)
  - SnapKit (5.7.1)
  - SnapKitExtend (1.1.0):
    - SnapKit
  - SwiftExpand (8.2.0)
  - Then (3.0.0)
  - YYModel (1.0.4)

DEPENDENCIES:
  - HandyJSON
  - Highlightr
  - Masonry
  - RxBlocking
  - RxCocoa
  - RxSwift
  - SnapKit
  - SnapKitExtend
  - SwiftExpand (from `../SwiftExpand`)
  - Then
  - YYModel

SPEC REPOS:
  https://github.com/CocoaPods/Specs.git:
    - HandyJSON
    - Highlightr
    - Masonry
    - RxBlocking
    - RxCocoa
    - RxRelay
    - RxSwift
    - SnapKit
    - SnapKitExtend
    - Then
    - YYModel

EXTERNAL SOURCES:
  SwiftExpand:
    :path: "../SwiftExpand"

SPEC CHECKSUMS:
  HandyJSON: 9e4e236f5d2dbefad5155a77417bbea438201c03
  Highlightr: 595f3e100737c8de41113385da8bd0b5b65212c6
  Masonry: 678fab65091a9290e40e2832a55e7ab731aad201
  RxBlocking: 5d2b26d019b6ba9eb3f58638611f124609c44822
  RxCocoa: ac16414696ae706516be3e1ab00fcce5bdc9be8a
  RxRelay: 6b0c930e5cef57d5fe2032571e5e65b78e3cbdb1
  RxSwift: 31649ace6aceeb422e16ff71c60804f9c3281ed9
  SnapKit: d612e99e678a2d3b95bf60b0705ed0a35c03484a
  SnapKitExtend: aa30cf37196195fae9c4354686cc7710184ebfcc
  SwiftExpand: df50c8316111b5688e8a09347dc1fdfb3de4da0e
  Then: 844265ae87834bbe1147d91d5d41a404da2ec27d
  YYModel: 2a7fdd96aaa4b86a824e26d0c517de8928c04b30

PODFILE CHECKSUM: 552b8090594589e591f8ac36c50cd3e775c50383

COCOAPODS: 1.13.0
